// !$*UTF8*$!
{
	archiveVersion = 1;
	classes = {
	};
	objectVersion = 46;
	objects = {

/* Begin PBXBuildFile section */
		137349B983E720B459D821B1 /* libPods.a in Frameworks */ = {isa = PBXBuildFile; fileRef = 0A7DF91478E775854EA7D76D /* libPods.a */; };
		CACF60C2ECD73CB8A78B990A /* COAChartViewController.m in Sources */ = {isa = PBXBuildFile; fileRef = CACF63CA4B2B194D883D4A3E /* COAChartViewController.m */; };
		CACF60EF3A3589C1BA69B983 /* COATutorialViewController.m in Sources */ = {isa = PBXBuildFile; fileRef = CACF6DC5B100973E8EFAD6D4 /* COATutorialViewController.m */; };
		CACF619E862F4CCE37265293 /* COACurrencies.m in Sources */ = {isa = PBXBuildFile; fileRef = CACF67271E3730E3A24DA661 /* COACurrencies.m */; };
		CACF63BBE916E295B0B8F627 /* COATradeModeViewController.m in Sources */ = {isa = PBXBuildFile; fileRef = CACF68D6371D9D923A5ABBD5 /* COATradeModeViewController.m */; };
		CACF643DF7F94E812BEA5B6A /* NSString+COAAdditions.m in Sources */ = {isa = PBXBuildFile; fileRef = CACF6E9AD5B3472599E9F14B /* NSString+COAAdditions.m */; };
		CACF64A447AAD166B6F1827A /* COAAbstractViewController.m in Sources */ = {isa = PBXBuildFile; fileRef = CACF6E244117F9B382094480 /* COAAbstractViewController.m */; };
		CACF64AB183E31DA3B2734B2 /* COASymbolValueModel.m in Sources */ = {isa = PBXBuildFile; fileRef = CACF6FCF00AB50AB146F3B8D /* COASymbolValueModel.m */; };
		CACF658B4B3C796CE5FFBB49 /* COACurrencyButton.m in Sources */ = {isa = PBXBuildFile; fileRef = CACF64D6197CB0F17EF2A241 /* COACurrencyButton.m */; };
		CACF65E8710C0159EF9EF709 /* COACongratsView.m in Sources */ = {isa = PBXBuildFile; fileRef = CACF6A05B4982A124B73CFCD /* COACongratsView.m */; };
		CACF672838AE6CF01ECDAC4F /* COAButton.m in Sources */ = {isa = PBXBuildFile; fileRef = CACF62AC061716969F89397E /* COAButton.m */; };
		CACF684B2F3931410A7E740D /* COASymbolValue.m in Sources */ = {isa = PBXBuildFile; fileRef = CACF6455D405F093843B9D9B /* COASymbolValue.m */; };
		CACF69FC189476E246EFA50A /* COAChartView.m in Sources */ = {isa = PBXBuildFile; fileRef = CACF69C33488E6D13E66C393 /* COAChartView.m */; };
		CACF6A012040755D916BDA0E /* COATriangleView.m in Sources */ = {isa = PBXBuildFile; fileRef = CACF6D4D9AB622BA65239A67 /* COATriangleView.m */; };
		CACF6A0A792F82E198B80405 /* COAPlayHomeViewController.m in Sources */ = {isa = PBXBuildFile; fileRef = CACF6EFA45E7C3F728DEEEB5 /* COAPlayHomeViewController.m */; };
		CACF6A504713AD0F61763F14 /* COADataFetcher.m in Sources */ = {isa = PBXBuildFile; fileRef = CACF6712D76F4909EA98992A /* COADataFetcher.m */; };
		CACF6C42BC22A74DD60BE874 /* COASignUpViewController.m in Sources */ = {isa = PBXBuildFile; fileRef = CACF6138CB859E625201EB3C /* COASignUpViewController.m */; };
		CACF6D2C90DED4381293A0C5 /* COAFormatting.m in Sources */ = {isa = PBXBuildFile; fileRef = CACF666931A336EBED6585DA /* COAFormatting.m */; };
		CACF6DDAC7078CC5B66FE881 /* COAButtonTitleImage.m in Sources */ = {isa = PBXBuildFile; fileRef = CACF629A96E38C11E1C87A82 /* COAButtonTitleImage.m */; };
		CACF6E5C9DCF74DF40C709D4 /* Localizable.strings in Resources */ = {isa = PBXBuildFile; fileRef = CACF60C2C5AD8A5CE1565EF5 /* Localizable.strings */; };
		CACF6EB48E630E28C24AFB02 /* COADataHelper.m in Sources */ = {isa = PBXBuildFile; fileRef = CACF607C16EF51DDD51E8381 /* COADataHelper.m */; };
		F880203D1ADB935D00F25031 /* COAConstants.m in Sources */ = {isa = PBXBuildFile; fileRef = F880203C1ADB935D00F25031 /* COAConstants.m */; };
		F889B6091AE9773A002EDE18 /* COAShadowView.m in Sources */ = {isa = PBXBuildFile; fileRef = F889B6081AE9773A002EDE18 /* COAShadowView.m */; };
		F89ECF771ACC373B00AEB3D2 /* main.m in Sources */ = {isa = PBXBuildFile; fileRef = F89ECF761ACC373B00AEB3D2 /* main.m */; };
		F89ECF7A1ACC373B00AEB3D2 /* AppDelegate.m in Sources */ = {isa = PBXBuildFile; fileRef = F89ECF791ACC373B00AEB3D2 /* AppDelegate.m */; };
		F89ECF821ACC373B00AEB3D2 /* Images.xcassets in Resources */ = {isa = PBXBuildFile; fileRef = F89ECF811ACC373B00AEB3D2 /* Images.xcassets */; };
		F89ECF851ACC373B00AEB3D2 /* LaunchScreen.xib in Resources */ = {isa = PBXBuildFile; fileRef = F89ECF831ACC373B00AEB3D2 /* LaunchScreen.xib */; };
		F89ECF911ACC373B00AEB3D2 /* Cash_OutTests.m in Sources */ = {isa = PBXBuildFile; fileRef = F89ECF901ACC373B00AEB3D2 /* Cash_OutTests.m */; };
		F89ECF9C1ACC3F5E00AEB3D2 /* COStartViewController.m in Sources */ = {isa = PBXBuildFile; fileRef = F89ECF9B1ACC3F5E00AEB3D2 /* COStartViewController.m */; };
/* End PBXBuildFile section */

/* Begin PBXContainerItemProxy section */
		F89ECF8B1ACC373B00AEB3D2 /* PBXContainerItemProxy */ = {
			isa = PBXContainerItemProxy;
			containerPortal = F89ECF691ACC373B00AEB3D2 /* Project object */;
			proxyType = 1;
			remoteGlobalIDString = F89ECF701ACC373B00AEB3D2;
			remoteInfo = "Cash Out";
		};
/* End PBXContainerItemProxy section */

/* Begin PBXFileReference section */
		0A7DF91478E775854EA7D76D /* libPods.a */ = {isa = PBXFileReference; explicitFileType = archive.ar; includeInIndex = 0; path = libPods.a; sourceTree = BUILT_PRODUCTS_DIR; };
		C0D1B052A8F6F127D1AF2503 /* Pods.debug.xcconfig */ = {isa = PBXFileReference; includeInIndex = 1; lastKnownFileType = text.xcconfig; name = Pods.debug.xcconfig; path = "Pods/Target Support Files/Pods/Pods.debug.xcconfig"; sourceTree = "<group>"; };
		CA6AA0D75E0C5372580CC939 /* Pods.release.xcconfig */ = {isa = PBXFileReference; includeInIndex = 1; lastKnownFileType = text.xcconfig; name = Pods.release.xcconfig; path = "Pods/Target Support Files/Pods/Pods.release.xcconfig"; sourceTree = "<group>"; };
		CACF607C16EF51DDD51E8381 /* COADataHelper.m */ = {isa = PBXFileReference; fileEncoding = 4; lastKnownFileType = sourcecode.c.objc; path = COADataHelper.m; sourceTree = "<group>"; };
		CACF60C2C5AD8A5CE1565EF5 /* Localizable.strings */ = {isa = PBXFileReference; fileEncoding = 4; lastKnownFileType = text.plist.strings; path = Localizable.strings; sourceTree = "<group>"; };
		CACF6138CB859E625201EB3C /* COASignUpViewController.m */ = {isa = PBXFileReference; fileEncoding = 4; lastKnownFileType = sourcecode.c.objc; path = COASignUpViewController.m; sourceTree = "<group>"; };
		CACF6140A0BE71B7BCB9E69B /* COAButton.h */ = {isa = PBXFileReference; fileEncoding = 4; lastKnownFileType = sourcecode.c.h; path = COAButton.h; sourceTree = "<group>"; };
		CACF623E0A981863E8B56D0B /* COASignUpViewController.h */ = {isa = PBXFileReference; fileEncoding = 4; lastKnownFileType = sourcecode.c.h; path = COASignUpViewController.h; sourceTree = "<group>"; };
		CACF629A96E38C11E1C87A82 /* COAButtonTitleImage.m */ = {isa = PBXFileReference; fileEncoding = 4; lastKnownFileType = sourcecode.c.objc; path = COAButtonTitleImage.m; sourceTree = "<group>"; };
		CACF62AC061716969F89397E /* COAButton.m */ = {isa = PBXFileReference; fileEncoding = 4; lastKnownFileType = sourcecode.c.objc; path = COAButton.m; sourceTree = "<group>"; };
		CACF62C3904713B87BC7C651 /* COACongratsView.h */ = {isa = PBXFileReference; fileEncoding = 4; lastKnownFileType = sourcecode.c.h; path = COACongratsView.h; sourceTree = "<group>"; };
		CACF63CA4B2B194D883D4A3E /* COAChartViewController.m */ = {isa = PBXFileReference; fileEncoding = 4; lastKnownFileType = sourcecode.c.objc; path = COAChartViewController.m; sourceTree = "<group>"; };
		CACF6455D405F093843B9D9B /* COASymbolValue.m */ = {isa = PBXFileReference; fileEncoding = 4; lastKnownFileType = sourcecode.c.objc; path = COASymbolValue.m; sourceTree = "<group>"; };
		CACF64D6197CB0F17EF2A241 /* COACurrencyButton.m */ = {isa = PBXFileReference; fileEncoding = 4; lastKnownFileType = sourcecode.c.objc; path = COACurrencyButton.m; sourceTree = "<group>"; };
		CACF65DC56BD1A2B2561645B /* COASymbolValue.h */ = {isa = PBXFileReference; fileEncoding = 4; lastKnownFileType = sourcecode.c.h; path = COASymbolValue.h; sourceTree = "<group>"; };
		CACF65F8554ACBBE6A0FADEB /* COAPlayHomeViewController.h */ = {isa = PBXFileReference; fileEncoding = 4; lastKnownFileType = sourcecode.c.h; path = COAPlayHomeViewController.h; sourceTree = "<group>"; };
		CACF666931A336EBED6585DA /* COAFormatting.m */ = {isa = PBXFileReference; fileEncoding = 4; lastKnownFileType = sourcecode.c.objc; path = COAFormatting.m; sourceTree = "<group>"; };
		CACF66EA8DDF9287893DD0DD /* COATradeModeViewController.h */ = {isa = PBXFileReference; fileEncoding = 4; lastKnownFileType = sourcecode.c.h; path = COATradeModeViewController.h; sourceTree = "<group>"; };
		CACF6712D76F4909EA98992A /* COADataFetcher.m */ = {isa = PBXFileReference; fileEncoding = 4; lastKnownFileType = sourcecode.c.objc; path = COADataFetcher.m; sourceTree = "<group>"; };
		CACF67271E3730E3A24DA661 /* COACurrencies.m */ = {isa = PBXFileReference; fileEncoding = 4; lastKnownFileType = sourcecode.c.objc; path = COACurrencies.m; sourceTree = "<group>"; };
		CACF68B6EE3AAD3EFCB0E46C /* COAFormatting.h */ = {isa = PBXFileReference; fileEncoding = 4; lastKnownFileType = sourcecode.c.h; path = COAFormatting.h; sourceTree = "<group>"; };
		CACF68D6371D9D923A5ABBD5 /* COATradeModeViewController.m */ = {isa = PBXFileReference; fileEncoding = 4; lastKnownFileType = sourcecode.c.objc; path = COATradeModeViewController.m; sourceTree = "<group>"; };
		CACF697BECEB92B8F9D734CF /* COATutorialViewController.h */ = {isa = PBXFileReference; fileEncoding = 4; lastKnownFileType = sourcecode.c.h; path = COATutorialViewController.h; sourceTree = "<group>"; };
		CACF697C6151E8538738F04A /* NSString+COAAdditions.h */ = {isa = PBXFileReference; fileEncoding = 4; lastKnownFileType = sourcecode.c.h; path = "NSString+COAAdditions.h"; sourceTree = "<group>"; };
		CACF69800A2E51FD738A88D5 /* COAChartView.h */ = {isa = PBXFileReference; fileEncoding = 4; lastKnownFileType = sourcecode.c.h; path = COAChartView.h; sourceTree = "<group>"; };
		CACF69C33488E6D13E66C393 /* COAChartView.m */ = {isa = PBXFileReference; fileEncoding = 4; lastKnownFileType = sourcecode.c.objc; path = COAChartView.m; sourceTree = "<group>"; };
		CACF6A05079D753845555BCC /* COAButtonTitleImage.h */ = {isa = PBXFileReference; fileEncoding = 4; lastKnownFileType = sourcecode.c.h; path = COAButtonTitleImage.h; sourceTree = "<group>"; };
		CACF6A05B4982A124B73CFCD /* COACongratsView.m */ = {isa = PBXFileReference; fileEncoding = 4; lastKnownFileType = sourcecode.c.objc; path = COACongratsView.m; sourceTree = "<group>"; };
		CACF6B7E22A716C56B8E98A3 /* COADataFetcher.h */ = {isa = PBXFileReference; fileEncoding = 4; lastKnownFileType = sourcecode.c.h; path = COADataFetcher.h; sourceTree = "<group>"; };
		CACF6C13276C9F986BDE202E /* COACurrencyButton.h */ = {isa = PBXFileReference; fileEncoding = 4; lastKnownFileType = sourcecode.c.h; path = COACurrencyButton.h; sourceTree = "<group>"; };
		CACF6CC1A916CECDD9C55117 /* COATriangleView.h */ = {isa = PBXFileReference; fileEncoding = 4; lastKnownFileType = sourcecode.c.h; path = COATriangleView.h; sourceTree = "<group>"; };
		CACF6D4D9AB622BA65239A67 /* COATriangleView.m */ = {isa = PBXFileReference; fileEncoding = 4; lastKnownFileType = sourcecode.c.objc; path = COATriangleView.m; sourceTree = "<group>"; };
		CACF6D80DEFA72B9946B30B5 /* COASymbolValueModel.h */ = {isa = PBXFileReference; fileEncoding = 4; lastKnownFileType = sourcecode.c.h; path = COASymbolValueModel.h; sourceTree = "<group>"; };
		CACF6DC5B100973E8EFAD6D4 /* COATutorialViewController.m */ = {isa = PBXFileReference; fileEncoding = 4; lastKnownFileType = sourcecode.c.objc; path = COATutorialViewController.m; sourceTree = "<group>"; };
		CACF6DDCB12D390E66D7E669 /* COACurrencies.h */ = {isa = PBXFileReference; fileEncoding = 4; lastKnownFileType = sourcecode.c.h; path = COACurrencies.h; sourceTree = "<group>"; };
		CACF6E244117F9B382094480 /* COAAbstractViewController.m */ = {isa = PBXFileReference; fileEncoding = 4; lastKnownFileType = sourcecode.c.objc; path = COAAbstractViewController.m; sourceTree = "<group>"; };
		CACF6E4C88256606BF3CE5CD /* COADataHelper.h */ = {isa = PBXFileReference; fileEncoding = 4; lastKnownFileType = sourcecode.c.h; path = COADataHelper.h; sourceTree = "<group>"; };
		CACF6E7AC80C29671C59B4B3 /* COAAbstractViewController.h */ = {isa = PBXFileReference; fileEncoding = 4; lastKnownFileType = sourcecode.c.h; path = COAAbstractViewController.h; sourceTree = "<group>"; };
		CACF6E9AD5B3472599E9F14B /* NSString+COAAdditions.m */ = {isa = PBXFileReference; fileEncoding = 4; lastKnownFileType = sourcecode.c.objc; path = "NSString+COAAdditions.m"; sourceTree = "<group>"; };
		CACF6EFA45E7C3F728DEEEB5 /* COAPlayHomeViewController.m */ = {isa = PBXFileReference; fileEncoding = 4; lastKnownFileType = sourcecode.c.objc; path = COAPlayHomeViewController.m; sourceTree = "<group>"; };
		CACF6EFFCF32DD4D1DE5F065 /* COAChartViewController.h */ = {isa = PBXFileReference; fileEncoding = 4; lastKnownFileType = sourcecode.c.h; path = COAChartViewController.h; sourceTree = "<group>"; };
		CACF6FCF00AB50AB146F3B8D /* COASymbolValueModel.m */ = {isa = PBXFileReference; fileEncoding = 4; lastKnownFileType = sourcecode.c.objc; path = COASymbolValueModel.m; sourceTree = "<group>"; };
		F880203B1ADB935D00F25031 /* COAConstants.h */ = {isa = PBXFileReference; fileEncoding = 4; lastKnownFileType = sourcecode.c.h; path = COAConstants.h; sourceTree = "<group>"; };
		F880203C1ADB935D00F25031 /* COAConstants.m */ = {isa = PBXFileReference; fileEncoding = 4; lastKnownFileType = sourcecode.c.objc; path = COAConstants.m; sourceTree = "<group>"; };
		F889B6071AE9773A002EDE18 /* COAShadowView.h */ = {isa = PBXFileReference; fileEncoding = 4; lastKnownFileType = sourcecode.c.h; path = COAShadowView.h; sourceTree = "<group>"; };
		F889B6081AE9773A002EDE18 /* COAShadowView.m */ = {isa = PBXFileReference; fileEncoding = 4; lastKnownFileType = sourcecode.c.objc; path = COAShadowView.m; sourceTree = "<group>"; };
		F89ECF711ACC373B00AEB3D2 /* Cash Out.app */ = {isa = PBXFileReference; explicitFileType = wrapper.application; includeInIndex = 0; path = "Cash Out.app"; sourceTree = BUILT_PRODUCTS_DIR; };
		F89ECF751ACC373B00AEB3D2 /* Info.plist */ = {isa = PBXFileReference; lastKnownFileType = text.plist.xml; path = Info.plist; sourceTree = "<group>"; };
		F89ECF761ACC373B00AEB3D2 /* main.m */ = {isa = PBXFileReference; lastKnownFileType = sourcecode.c.objc; path = main.m; sourceTree = "<group>"; };
		F89ECF781ACC373B00AEB3D2 /* AppDelegate.h */ = {isa = PBXFileReference; lastKnownFileType = sourcecode.c.h; path = AppDelegate.h; sourceTree = "<group>"; };
		F89ECF791ACC373B00AEB3D2 /* AppDelegate.m */ = {isa = PBXFileReference; lastKnownFileType = sourcecode.c.objc; path = AppDelegate.m; sourceTree = "<group>"; };
		F89ECF811ACC373B00AEB3D2 /* Images.xcassets */ = {isa = PBXFileReference; lastKnownFileType = folder.assetcatalog; path = Images.xcassets; sourceTree = "<group>"; };
		F89ECF841ACC373B00AEB3D2 /* Base */ = {isa = PBXFileReference; lastKnownFileType = file.xib; name = Base; path = Base.lproj/LaunchScreen.xib; sourceTree = "<group>"; };
		F89ECF8A1ACC373B00AEB3D2 /* Cash OutTests.xctest */ = {isa = PBXFileReference; explicitFileType = wrapper.cfbundle; includeInIndex = 0; path = "Cash OutTests.xctest"; sourceTree = BUILT_PRODUCTS_DIR; };
		F89ECF8F1ACC373B00AEB3D2 /* Info.plist */ = {isa = PBXFileReference; lastKnownFileType = text.plist.xml; path = Info.plist; sourceTree = "<group>"; };
		F89ECF901ACC373B00AEB3D2 /* Cash_OutTests.m */ = {isa = PBXFileReference; lastKnownFileType = sourcecode.c.objc; path = Cash_OutTests.m; sourceTree = "<group>"; };
		F89ECF9A1ACC3F5E00AEB3D2 /* COStartViewController.h */ = {isa = PBXFileReference; fileEncoding = 4; lastKnownFileType = sourcecode.c.h; path = COStartViewController.h; sourceTree = "<group>"; };
		F89ECF9B1ACC3F5E00AEB3D2 /* COStartViewController.m */ = {isa = PBXFileReference; fileEncoding = 4; lastKnownFileType = sourcecode.c.objc; path = COStartViewController.m; sourceTree = "<group>"; };
/* End PBXFileReference section */

/* Begin PBXFrameworksBuildPhase section */
		F89ECF6E1ACC373B00AEB3D2 /* Frameworks */ = {
			isa = PBXFrameworksBuildPhase;
			buildActionMask = 2147483647;
			files = (
				137349B983E720B459D821B1 /* libPods.a in Frameworks */,
			);
			runOnlyForDeploymentPostprocessing = 0;
		};
		F89ECF871ACC373B00AEB3D2 /* Frameworks */ = {
			isa = PBXFrameworksBuildPhase;
			buildActionMask = 2147483647;
			files = (
			);
			runOnlyForDeploymentPostprocessing = 0;
		};
/* End PBXFrameworksBuildPhase section */

/* Begin PBXGroup section */
		A83668C6ECF1CE058AEACFCB /* Frameworks */ = {
			isa = PBXGroup;
			children = (
				0A7DF91478E775854EA7D76D /* libPods.a */,
			);
			name = Frameworks;
			sourceTree = "<group>";
		};
		CACF64F61FCA9DECE3F3DD36 /* Networking */ = {
			isa = PBXGroup;
			children = (
				CACF6712D76F4909EA98992A /* COADataFetcher.m */,
				CACF6B7E22A716C56B8E98A3 /* COADataFetcher.h */,
				CACF65F3A82FFAC57F5B9E9F /* Model */,
			);
			path = Networking;
			sourceTree = "<group>";
		};
		CACF65F3A82FFAC57F5B9E9F /* Model */ = {
			isa = PBXGroup;
			children = (
				CACF6FCF00AB50AB146F3B8D /* COASymbolValueModel.m */,
				CACF6D80DEFA72B9946B30B5 /* COASymbolValueModel.h */,
				CACF6455D405F093843B9D9B /* COASymbolValue.m */,
				CACF65DC56BD1A2B2561645B /* COASymbolValue.h */,
			);
			path = Model;
			sourceTree = "<group>";
		};
		CACF6BEFC0A95B3D5BA00951 /* Views */ = {
			isa = PBXGroup;
			children = (
				CACF6D4D9AB622BA65239A67 /* COATriangleView.m */,
				CACF6CC1A916CECDD9C55117 /* COATriangleView.h */,
				CACF62AC061716969F89397E /* COAButton.m */,
				CACF6140A0BE71B7BCB9E69B /* COAButton.h */,
				CACF629A96E38C11E1C87A82 /* COAButtonTitleImage.m */,
				CACF6A05079D753845555BCC /* COAButtonTitleImage.h */,
				CACF64D6197CB0F17EF2A241 /* COACurrencyButton.m */,
				CACF6C13276C9F986BDE202E /* COACurrencyButton.h */,
				CACF69C33488E6D13E66C393 /* COAChartView.m */,
				CACF69800A2E51FD738A88D5 /* COAChartView.h */,
				CACF6A05B4982A124B73CFCD /* COACongratsView.m */,
				CACF62C3904713B87BC7C651 /* COACongratsView.h */,
				F889B6071AE9773A002EDE18 /* COAShadowView.h */,
				F889B6081AE9773A002EDE18 /* COAShadowView.m */,
			);
			path = Views;
			sourceTree = "<group>";
		};
		CACF6D0FD52C8627E25D960C /* Categories */ = {
			isa = PBXGroup;
			children = (
				CACF6E9AD5B3472599E9F14B /* NSString+COAAdditions.m */,
				CACF697C6151E8538738F04A /* NSString+COAAdditions.h */,
			);
			path = Categories;
			sourceTree = "<group>";
		};
		CACF6E2585D48B8C384CF74D /* DataHelper */ = {
			isa = PBXGroup;
			children = (
				CACF607C16EF51DDD51E8381 /* COADataHelper.m */,
				CACF6E4C88256606BF3CE5CD /* COADataHelper.h */,
				CACF666931A336EBED6585DA /* COAFormatting.m */,
				CACF68B6EE3AAD3EFCB0E46C /* COAFormatting.h */,
				CACF67271E3730E3A24DA661 /* COACurrencies.m */,
				CACF6DDCB12D390E66D7E669 /* COACurrencies.h */,
			);
			path = DataHelper;
			sourceTree = "<group>";
		};
		F89ECF681ACC373B00AEB3D2 = {
			isa = PBXGroup;
			children = (
				F89ECF731ACC373B00AEB3D2 /* Cash Out */,
				F89ECF8D1ACC373B00AEB3D2 /* Cash OutTests */,
				F89ECF721ACC373B00AEB3D2 /* Products */,
				FDAF803B723D4C5E74C8B7CF /* Pods */,
				A83668C6ECF1CE058AEACFCB /* Frameworks */,
			);
			sourceTree = "<group>";
		};
		F89ECF721ACC373B00AEB3D2 /* Products */ = {
			isa = PBXGroup;
			children = (
				F89ECF711ACC373B00AEB3D2 /* Cash Out.app */,
				F89ECF8A1ACC373B00AEB3D2 /* Cash OutTests.xctest */,
			);
			name = Products;
			sourceTree = "<group>";
		};
		F89ECF731ACC373B00AEB3D2 /* Cash Out */ = {
			isa = PBXGroup;
			children = (
				F89ECF781ACC373B00AEB3D2 /* AppDelegate.h */,
				F89ECF791ACC373B00AEB3D2 /* AppDelegate.m */,
				CACF6D0FD52C8627E25D960C /* Categories */,
				CACF6E7AC80C29671C59B4B3 /* COAAbstractViewController.h */,
				CACF6E244117F9B382094480 /* COAAbstractViewController.m */,
				CACF6EFFCF32DD4D1DE5F065 /* COAChartViewController.h */,
				CACF63CA4B2B194D883D4A3E /* COAChartViewController.m */,
				F880203B1ADB935D00F25031 /* COAConstants.h */,
				F880203C1ADB935D00F25031 /* COAConstants.m */,
				CACF65F8554ACBBE6A0FADEB /* COAPlayHomeViewController.h */,
				CACF6EFA45E7C3F728DEEEB5 /* COAPlayHomeViewController.m */,
				CACF623E0A981863E8B56D0B /* COASignUpViewController.h */,
				CACF6138CB859E625201EB3C /* COASignUpViewController.m */,
				CACF66EA8DDF9287893DD0DD /* COATradeModeViewController.h */,
				CACF68D6371D9D923A5ABBD5 /* COATradeModeViewController.m */,
				CACF697BECEB92B8F9D734CF /* COATutorialViewController.h */,
				CACF6DC5B100973E8EFAD6D4 /* COATutorialViewController.m */,
				F89ECF9A1ACC3F5E00AEB3D2 /* COStartViewController.h */,
				F89ECF9B1ACC3F5E00AEB3D2 /* COStartViewController.m */,
				CACF6E2585D48B8C384CF74D /* DataHelper */,
				F89ECF811ACC373B00AEB3D2 /* Images.xcassets */,
				F89ECF831ACC373B00AEB3D2 /* LaunchScreen.xib */,
				CACF60C2C5AD8A5CE1565EF5 /* Localizable.strings */,
				CACF64F61FCA9DECE3F3DD36 /* Networking */,
				F89ECF741ACC373B00AEB3D2 /* Supporting Files */,
				CACF6BEFC0A95B3D5BA00951 /* Views */,
			);
			path = "Cash Out";
			sourceTree = "<group>";
		};
		F89ECF741ACC373B00AEB3D2 /* Supporting Files */ = {
			isa = PBXGroup;
			children = (
				F89ECF751ACC373B00AEB3D2 /* Info.plist */,
				F89ECF761ACC373B00AEB3D2 /* main.m */,
			);
			name = "Supporting Files";
			sourceTree = "<group>";
		};
		F89ECF8D1ACC373B00AEB3D2 /* Cash OutTests */ = {
			isa = PBXGroup;
			children = (
				F89ECF901ACC373B00AEB3D2 /* Cash_OutTests.m */,
				F89ECF8E1ACC373B00AEB3D2 /* Supporting Files */,
			);
			path = "Cash OutTests";
			sourceTree = "<group>";
		};
		F89ECF8E1ACC373B00AEB3D2 /* Supporting Files */ = {
			isa = PBXGroup;
			children = (
				F89ECF8F1ACC373B00AEB3D2 /* Info.plist */,
			);
			name = "Supporting Files";
			sourceTree = "<group>";
		};
		FDAF803B723D4C5E74C8B7CF /* Pods */ = {
			isa = PBXGroup;
			children = (
				C0D1B052A8F6F127D1AF2503 /* Pods.debug.xcconfig */,
				CA6AA0D75E0C5372580CC939 /* Pods.release.xcconfig */,
			);
			name = Pods;
			sourceTree = "<group>";
		};
/* End PBXGroup section */

/* Begin PBXNativeTarget section */
		F89ECF701ACC373B00AEB3D2 /* Cash Out */ = {
			isa = PBXNativeTarget;
			buildConfigurationList = F89ECF941ACC373B00AEB3D2 /* Build configuration list for PBXNativeTarget "Cash Out" */;
			buildPhases = (
				687D1D0696AEC6E72DF01663 /* Check Pods Manifest.lock */,
				F89ECF6D1ACC373B00AEB3D2 /* Sources */,
				F89ECF6E1ACC373B00AEB3D2 /* Frameworks */,
				F89ECF6F1ACC373B00AEB3D2 /* Resources */,
				0C3B051735E8A4086635ACEE /* Copy Pods Resources */,
			);
			buildRules = (
			);
			dependencies = (
			);
			name = "Cash Out";
			productName = "Cash Out";
			productReference = F89ECF711ACC373B00AEB3D2 /* Cash Out.app */;
			productType = "com.apple.product-type.application";
		};
		F89ECF891ACC373B00AEB3D2 /* Cash OutTests */ = {
			isa = PBXNativeTarget;
			buildConfigurationList = F89ECF971ACC373B00AEB3D2 /* Build configuration list for PBXNativeTarget "Cash OutTests" */;
			buildPhases = (
				F89ECF861ACC373B00AEB3D2 /* Sources */,
				F89ECF871ACC373B00AEB3D2 /* Frameworks */,
				F89ECF881ACC373B00AEB3D2 /* Resources */,
			);
			buildRules = (
			);
			dependencies = (
				F89ECF8C1ACC373B00AEB3D2 /* PBXTargetDependency */,
			);
			name = "Cash OutTests";
			productName = "Cash OutTests";
			productReference = F89ECF8A1ACC373B00AEB3D2 /* Cash OutTests.xctest */;
			productType = "com.apple.product-type.bundle.unit-test";
		};
/* End PBXNativeTarget section */

/* Begin PBXProject section */
		F89ECF691ACC373B00AEB3D2 /* Project object */ = {
			isa = PBXProject;
			attributes = {
				LastUpgradeCheck = 0620;
				ORGANIZATIONNAME = "Cashout App GbR";
				TargetAttributes = {
					F89ECF701ACC373B00AEB3D2 = {
						CreatedOnToolsVersion = 6.2;
					};
					F89ECF891ACC373B00AEB3D2 = {
						CreatedOnToolsVersion = 6.2;
						TestTargetID = F89ECF701ACC373B00AEB3D2;
					};
				};
			};
			buildConfigurationList = F89ECF6C1ACC373B00AEB3D2 /* Build configuration list for PBXProject "Cash Out" */;
			compatibilityVersion = "Xcode 3.2";
			developmentRegion = English;
			hasScannedForEncodings = 0;
			knownRegions = (
				en,
				Base,
			);
			mainGroup = F89ECF681ACC373B00AEB3D2;
			productRefGroup = F89ECF721ACC373B00AEB3D2 /* Products */;
			projectDirPath = "";
			projectRoot = "";
			targets = (
				F89ECF701ACC373B00AEB3D2 /* Cash Out */,
				F89ECF891ACC373B00AEB3D2 /* Cash OutTests */,
			);
		};
/* End PBXProject section */

/* Begin PBXResourcesBuildPhase section */
		F89ECF6F1ACC373B00AEB3D2 /* Resources */ = {
			isa = PBXResourcesBuildPhase;
			buildActionMask = 2147483647;
			files = (
				F89ECF851ACC373B00AEB3D2 /* LaunchScreen.xib in Resources */,
				F89ECF821ACC373B00AEB3D2 /* Images.xcassets in Resources */,
				CACF6E5C9DCF74DF40C709D4 /* Localizable.strings in Resources */,
			);
			runOnlyForDeploymentPostprocessing = 0;
		};
		F89ECF881ACC373B00AEB3D2 /* Resources */ = {
			isa = PBXResourcesBuildPhase;
			buildActionMask = 2147483647;
			files = (
			);
			runOnlyForDeploymentPostprocessing = 0;
		};
/* End PBXResourcesBuildPhase section */

/* Begin PBXShellScriptBuildPhase section */
		0C3B051735E8A4086635ACEE /* Copy Pods Resources */ = {
			isa = PBXShellScriptBuildPhase;
			buildActionMask = 2147483647;
			files = (
			);
			inputPaths = (
			);
			name = "Copy Pods Resources";
			outputPaths = (
			);
			runOnlyForDeploymentPostprocessing = 0;
			shellPath = /bin/sh;
			shellScript = "\"${SRCROOT}/Pods/Target Support Files/Pods/Pods-resources.sh\"\n";
			showEnvVarsInLog = 0;
		};
		687D1D0696AEC6E72DF01663 /* Check Pods Manifest.lock */ = {
			isa = PBXShellScriptBuildPhase;
			buildActionMask = 2147483647;
			files = (
			);
			inputPaths = (
			);
			name = "Check Pods Manifest.lock";
			outputPaths = (
			);
			runOnlyForDeploymentPostprocessing = 0;
			shellPath = /bin/sh;
			shellScript = "diff \"${PODS_ROOT}/../Podfile.lock\" \"${PODS_ROOT}/Manifest.lock\" > /dev/null\nif [[ $? != 0 ]] ; then\n    cat << EOM\nerror: The sandbox is not in sync with the Podfile.lock. Run 'pod install' or update your CocoaPods installation.\nEOM\n    exit 1\nfi\n";
			showEnvVarsInLog = 0;
		};
/* End PBXShellScriptBuildPhase section */

/* Begin PBXSourcesBuildPhase section */
		F89ECF6D1ACC373B00AEB3D2 /* Sources */ = {
			isa = PBXSourcesBuildPhase;
			buildActionMask = 2147483647;
			files = (
				F89ECF9C1ACC3F5E00AEB3D2 /* COStartViewController.m in Sources */,
				F89ECF7A1ACC373B00AEB3D2 /* AppDelegate.m in Sources */,
				F89ECF771ACC373B00AEB3D2 /* main.m in Sources */,
				CACF6A0A792F82E198B80405 /* COAPlayHomeViewController.m in Sources */,
				CACF60C2ECD73CB8A78B990A /* COAChartViewController.m in Sources */,
				CACF63BBE916E295B0B8F627 /* COATradeModeViewController.m in Sources */,
				CACF64A447AAD166B6F1827A /* COAAbstractViewController.m in Sources */,
				F880203D1ADB935D00F25031 /* COAConstants.m in Sources */,
				CACF6A504713AD0F61763F14 /* COADataFetcher.m in Sources */,
				CACF64AB183E31DA3B2734B2 /* COASymbolValueModel.m in Sources */,
				CACF6A012040755D916BDA0E /* COATriangleView.m in Sources */,
				CACF672838AE6CF01ECDAC4F /* COAButton.m in Sources */,
				CACF6DDAC7078CC5B66FE881 /* COAButtonTitleImage.m in Sources */,
				CACF658B4B3C796CE5FFBB49 /* COACurrencyButton.m in Sources */,
				F889B6091AE9773A002EDE18 /* COAShadowView.m in Sources */,
				CACF69FC189476E246EFA50A /* COAChartView.m in Sources */,
				CACF643DF7F94E812BEA5B6A /* NSString+COAAdditions.m in Sources */,
				CACF65E8710C0159EF9EF709 /* COACongratsView.m in Sources */,
				CACF6EB48E630E28C24AFB02 /* COADataHelper.m in Sources */,
				CACF6D2C90DED4381293A0C5 /* COAFormatting.m in Sources */,
				CACF619E862F4CCE37265293 /* COACurrencies.m in Sources */,
				CACF684B2F3931410A7E740D /* COASymbolValue.m in Sources */,
				CACF6C42BC22A74DD60BE874 /* COASignUpViewController.m in Sources */,
				CACF60EF3A3589C1BA69B983 /* COATutorialViewController.m in Sources */,
			);
			runOnlyForDeploymentPostprocessing = 0;
		};
		F89ECF861ACC373B00AEB3D2 /* Sources */ = {
			isa = PBXSourcesBuildPhase;
			buildActionMask = 2147483647;
			files = (
				F89ECF911ACC373B00AEB3D2 /* Cash_OutTests.m in Sources */,
			);
			runOnlyForDeploymentPostprocessing = 0;
		};
/* End PBXSourcesBuildPhase section */

/* Begin PBXTargetDependency section */
		F89ECF8C1ACC373B00AEB3D2 /* PBXTargetDependency */ = {
			isa = PBXTargetDependency;
			target = F89ECF701ACC373B00AEB3D2 /* Cash Out */;
			targetProxy = F89ECF8B1ACC373B00AEB3D2 /* PBXContainerItemProxy */;
		};
/* End PBXTargetDependency section */

/* Begin PBXVariantGroup section */
		F89ECF831ACC373B00AEB3D2 /* LaunchScreen.xib */ = {
			isa = PBXVariantGroup;
			children = (
				F89ECF841ACC373B00AEB3D2 /* Base */,
			);
			name = LaunchScreen.xib;
			sourceTree = "<group>";
		};
/* End PBXVariantGroup section */

/* Begin XCBuildConfiguration section */
		F89ECF921ACC373B00AEB3D2 /* Debug */ = {
			isa = XCBuildConfiguration;
			buildSettings = {
				ALWAYS_SEARCH_USER_PATHS = NO;
				CLANG_CXX_LANGUAGE_STANDARD = "gnu++0x";
				CLANG_CXX_LIBRARY = "libc++";
				CLANG_ENABLE_MODULES = YES;
				CLANG_ENABLE_OBJC_ARC = YES;
				CLANG_WARN_BOOL_CONVERSION = YES;
				CLANG_WARN_CONSTANT_CONVERSION = YES;
				CLANG_WARN_DIRECT_OBJC_ISA_USAGE = YES_ERROR;
				CLANG_WARN_EMPTY_BODY = YES;
				CLANG_WARN_ENUM_CONVERSION = YES;
				CLANG_WARN_INT_CONVERSION = YES;
				CLANG_WARN_OBJC_ROOT_CLASS = YES_ERROR;
				CLANG_WARN_UNREACHABLE_CODE = YES;
				CLANG_WARN__DUPLICATE_METHOD_MATCH = YES;
				"CODE_SIGN_IDENTITY[sdk=iphoneos*]" = "iPhone Developer";
				COPY_PHASE_STRIP = NO;
				ENABLE_STRICT_OBJC_MSGSEND = YES;
				GCC_C_LANGUAGE_STANDARD = gnu99;
				GCC_DYNAMIC_NO_PIC = NO;
				GCC_OPTIMIZATION_LEVEL = 0;
				GCC_PREPROCESSOR_DEFINITIONS = (
					"DEBUG=1",
					"$(inherited)",
				);
				GCC_SYMBOLS_PRIVATE_EXTERN = NO;
				GCC_WARN_64_TO_32_BIT_CONVERSION = YES;
				GCC_WARN_ABOUT_RETURN_TYPE = YES_ERROR;
				GCC_WARN_UNDECLARED_SELECTOR = YES;
				GCC_WARN_UNINITIALIZED_AUTOS = YES_AGGRESSIVE;
				GCC_WARN_UNUSED_FUNCTION = YES;
				GCC_WARN_UNUSED_VARIABLE = YES;
				IPHONEOS_DEPLOYMENT_TARGET = 8.2;
				MTL_ENABLE_DEBUG_INFO = YES;
				ONLY_ACTIVE_ARCH = YES;
				SDKROOT = iphoneos;
			};
			name = Debug;
		};
		F89ECF931ACC373B00AEB3D2 /* Release */ = {
			isa = XCBuildConfiguration;
			buildSettings = {
				ALWAYS_SEARCH_USER_PATHS = NO;
				CLANG_CXX_LANGUAGE_STANDARD = "gnu++0x";
				CLANG_CXX_LIBRARY = "libc++";
				CLANG_ENABLE_MODULES = YES;
				CLANG_ENABLE_OBJC_ARC = YES;
				CLANG_WARN_BOOL_CONVERSION = YES;
				CLANG_WARN_CONSTANT_CONVERSION = YES;
				CLANG_WARN_DIRECT_OBJC_ISA_USAGE = YES_ERROR;
				CLANG_WARN_EMPTY_BODY = YES;
				CLANG_WARN_ENUM_CONVERSION = YES;
				CLANG_WARN_INT_CONVERSION = YES;
				CLANG_WARN_OBJC_ROOT_CLASS = YES_ERROR;
				CLANG_WARN_UNREACHABLE_CODE = YES;
				CLANG_WARN__DUPLICATE_METHOD_MATCH = YES;
				"CODE_SIGN_IDENTITY[sdk=iphoneos*]" = "iPhone Developer";
				COPY_PHASE_STRIP = NO;
				ENABLE_NS_ASSERTIONS = NO;
				ENABLE_STRICT_OBJC_MSGSEND = YES;
				GCC_C_LANGUAGE_STANDARD = gnu99;
				GCC_WARN_64_TO_32_BIT_CONVERSION = YES;
				GCC_WARN_ABOUT_RETURN_TYPE = YES_ERROR;
				GCC_WARN_UNDECLARED_SELECTOR = YES;
				GCC_WARN_UNINITIALIZED_AUTOS = YES_AGGRESSIVE;
				GCC_WARN_UNUSED_FUNCTION = YES;
				GCC_WARN_UNUSED_VARIABLE = YES;
				IPHONEOS_DEPLOYMENT_TARGET = 8.2;
				MTL_ENABLE_DEBUG_INFO = NO;
				SDKROOT = iphoneos;
				VALIDATE_PRODUCT = YES;
			};
			name = Release;
		};
		F89ECF951ACC373B00AEB3D2 /* Debug */ = {
			isa = XCBuildConfiguration;
			baseConfigurationReference = C0D1B052A8F6F127D1AF2503 /* Pods.debug.xcconfig */;
			buildSettings = {
				ASSETCATALOG_COMPILER_APPICON_NAME = AppIcon;
				ASSETCATALOG_COMPILER_LAUNCHIMAGE_NAME = LaunchImage;
				"CODE_SIGN_IDENTITY[sdk=iphoneos*]" = "";
				INFOPLIST_FILE = "Cash Out/Info.plist";
				IPHONEOS_DEPLOYMENT_TARGET = 7.0;
				LD_RUNPATH_SEARCH_PATHS = "$(inherited) @executable_path/Frameworks";
				PRODUCT_NAME = "$(TARGET_NAME)";
				PROVISIONING_PROFILE = "b6143af9-69b6-44bf-9de9-09555c9e2738";
				USER_HEADER_SEARCH_PATHS = "\"${PROJECT_DIR}/Pods\"/**";
			};
			name = Debug;
		};
		F89ECF961ACC373B00AEB3D2 /* Release */ = {
			isa = XCBuildConfiguration;
			baseConfigurationReference = CA6AA0D75E0C5372580CC939 /* Pods.release.xcconfig */;
			buildSettings = {
				ASSETCATALOG_COMPILER_APPICON_NAME = AppIcon;
				ASSETCATALOG_COMPILER_LAUNCHIMAGE_NAME = LaunchImage;
				"CODE_SIGN_IDENTITY[sdk=iphoneos*]" = "";
				INFOPLIST_FILE = "Cash Out/Info.plist";
				IPHONEOS_DEPLOYMENT_TARGET = 7.0;
				LD_RUNPATH_SEARCH_PATHS = "$(inherited) @executable_path/Frameworks";
				PRODUCT_NAME = "$(TARGET_NAME)";
				PROVISIONING_PROFILE = "b6143af9-69b6-44bf-9de9-09555c9e2738";
				USER_HEADER_SEARCH_PATHS = "\"${PROJECT_DIR}/Pods\"/**";
			};
			name = Release;
		};
		F89ECF981ACC373B00AEB3D2 /* Debug */ = {
			isa = XCBuildConfiguration;
			buildSettings = {
				BUNDLE_LOADER = "$(TEST_HOST)";
				FRAMEWORK_SEARCH_PATHS = (
					"$(SDKROOT)/Developer/Library/Frameworks",
					"$(inherited)",
				);
				GCC_PREPROCESSOR_DEFINITIONS = (
					"DEBUG=1",
					"$(inherited)",
				);
				INFOPLIST_FILE = "Cash OutTests/Info.plist";
				LD_RUNPATH_SEARCH_PATHS = "$(inherited) @executable_path/Frameworks @loader_path/Frameworks";
				PRODUCT_NAME = "$(TARGET_NAME)";
				TEST_HOST = "$(BUILT_PRODUCTS_DIR)/Cash Out.app/Cash Out";
			};
			name = Debug;
		};
		F89ECF991ACC373B00AEB3D2 /* Release */ = {
			isa = XCBuildConfiguration;
			buildSettings = {
				BUNDLE_LOADER = "$(TEST_HOST)";
				FRAMEWORK_SEARCH_PATHS = (
					"$(SDKROOT)/Developer/Library/Frameworks",
					"$(inherited)",
				);
				INFOPLIST_FILE = "Cash OutTests/Info.plist";
				LD_RUNPATH_SEARCH_PATHS = "$(inherited) @executable_path/Frameworks @loader_path/Frameworks";
				PRODUCT_NAME = "$(TARGET_NAME)";
				TEST_HOST = "$(BUILT_PRODUCTS_DIR)/Cash Out.app/Cash Out";
			};
			name = Release;
		};
/* End XCBuildConfiguration section */

/* Begin XCConfigurationList section */
		F89ECF6C1ACC373B00AEB3D2 /* Build configuration list for PBXProject "Cash Out" */ = {
			isa = XCConfigurationList;
			buildConfigurations = (
				F89ECF921ACC373B00AEB3D2 /* Debug */,
				F89ECF931ACC373B00AEB3D2 /* Release */,
			);
			defaultConfigurationIsVisible = 0;
			defaultConfigurationName = Release;
		};
		F89ECF941ACC373B00AEB3D2 /* Build configuration list for PBXNativeTarget "Cash Out" */ = {
			isa = XCConfigurationList;
			buildConfigurations = (
				F89ECF951ACC373B00AEB3D2 /* Debug */,
				F89ECF961ACC373B00AEB3D2 /* Release */,
			);
			defaultConfigurationIsVisible = 0;
			defaultConfigurationName = Release;
		};
		F89ECF971ACC373B00AEB3D2 /* Build configuration list for PBXNativeTarget "Cash OutTests" */ = {
			isa = XCConfigurationList;
			buildConfigurations = (
				F89ECF981ACC373B00AEB3D2 /* Debug */,
				F89ECF991ACC373B00AEB3D2 /* Release */,
			);
			defaultConfigurationIsVisible = 0;
			defaultConfigurationName = Release;
		};
/* End XCConfigurationList section */
	};
	rootObject = F89ECF691ACC373B00AEB3D2 /* Project object */;
}
